
Microsoft Visual Studio Solution File, Format Version 12.00
# Visual Studio Version 16
VisualStudioVersion = 16.0.31129.286
MinimumVisualStudioVersion = 10.0.40219.1
Project("{9A19103F-16F7-4668-BE54-9A1E7A4F7556}") = "Api", "Api\Api.csproj", "{7F3B910E-A511-4AA7-91D6-EEB57F253185}"
EndProject
Project("{9A19103F-16F7-4668-BE54-9A1E7A4F7556}") = "PokeApiClient", "PokeApiClient\PokeApiClient.csproj", "{62F10BEC-CBE5-4C86-982A-63DE1EFF4C82}"
EndProject
Project("{9A19103F-16F7-4668-BE54-9A1E7A4F7556}") = "FunTranslationsClient", "FunTranslationsClient\FunTranslationsClient.csproj", "{76BFF574-792A-4899-BC7E-6B91397017FC}"
EndProject
Project("{9A19103F-16F7-4668-BE54-9A1E7A4F7556}") = "Pokedex", "Pokedex\Pokedex.csproj", "{B575C65B-22C7-4CDA-9F99-686AF4299B85}"
EndProject
Project("{FAE04EC0-301F-11D3-BF4B-00C04F79EFBC}") = "Pokedex.Tests", "Pokedex.Tests\Pokedex.Tests.csproj", "{937A3819-DAC4-433F-82F9-E88308DF1F18}"
EndProject
Global
	GlobalSection(SolutionConfigurationPlatforms) = preSolution
		Debug|Any CPU = Debug|Any CPU
		Release|Any CPU = Release|Any CPU
	EndGlobalSection
	GlobalSection(ProjectConfigurationPlatforms) = postSolution
		{7F3B910E-A511-4AA7-91D6-EEB57F253185}.Debug|Any CPU.ActiveCfg = Debug|Any CPU
		{7F3B910E-A511-4AA7-91D6-EEB57F253185}.Debug|Any CPU.Build.0 = Debug|Any CPU
		{7F3B910E-A511-4AA7-91D6-EEB57F253185}.Release|Any CPU.ActiveCfg = Release|Any CPU
		{7F3B910E-A511-4AA7-91D6-EEB57F253185}.Release|Any CPU.Build.0 = Release|Any CPU
		{62F10BEC-CBE5-4C86-982A-63DE1EFF4C82}.Debug|Any CPU.ActiveCfg = Debug|Any CPU
		{62F10BEC-CBE5-4C86-982A-63DE1EFF4C82}.Debug|Any CPU.Build.0 = Debug|Any CPU
		{62F10BEC-CBE5-4C86-982A-63DE1EFF4C82}.Release|Any CPU.ActiveCfg = Release|Any CPU
		{62F10BEC-CBE5-4C86-982A-63DE1EFF4C82}.Release|Any CPU.Build.0 = Release|Any CPU
		{76BFF574-792A-4899-BC7E-6B91397017FC}.Debug|Any CPU.ActiveCfg = Debug|Any CPU
		{76BFF574-792A-4899-BC7E-6B91397017FC}.Debug|Any CPU.Build.0 = Debug|Any CPU
		{76BFF574-792A-4899-BC7E-6B91397017FC}.Release|Any CPU.ActiveCfg = Release|Any CPU
		{76BFF574-792A-4899-BC7E-6B91397017FC}.Release|Any CPU.Build.0 = Release|Any CPU
		{B575C65B-22C7-4CDA-9F99-686AF4299B85}.Debug|Any CPU.ActiveCfg = Debug|Any CPU
		{B575C65B-22C7-4CDA-9F99-686AF4299B85}.Debug|Any CPU.Build.0 = Debug|Any CPU
		{B575C65B-22C7-4CDA-9F99-686AF4299B85}.Release|Any CPU.ActiveCfg = Release|Any CPU
		{B575C65B-22C7-4CDA-9F99-686AF4299B85}.Release|Any CPU.Build.0 = Release|Any CPU
		{937A3819-DAC4-433F-82F9-E88308DF1F18}.Debug|Any CPU.ActiveCfg = Debug|Any CPU
		{937A3819-DAC4-433F-82F9-E88308DF1F18}.Debug|Any CPU.Build.0 = Debug|Any CPU
		{937A3819-DAC4-433F-82F9-E88308DF1F18}.Release|Any CPU.ActiveCfg = Release|Any CPU
		{937A3819-DAC4-433F-82F9-E88308DF1F18}.Release|Any CPU.Build.0 = Release|Any CPU
	EndGlobalSection
	GlobalSection(SolutionProperties) = preSolution
		HideSolutionNode = FALSE
	EndGlobalSection
	GlobalSection(ExtensibilityGlobals) = postSolution
		SolutionGuid = {CD3E0908-E856-4CE5-8F4A-BEB30A00BB41}
	EndGlobalSection
EndGlobal
